
Microsoft Visual Studio Solution File, Format Version 12.00
# Visual Studio Version 17
VisualStudioVersion = 17.10.35027.167
MinimumVisualStudioVersion = 10.0.40219.1
Project("{FAE04EC0-301F-11D3-BF4B-00C04F79EFBC}") = "Constructor", "Constructor.csproj", "{13F23020-B7E8-42CB-AE1F-22514FFE4769}"
EndProject
Global
	GlobalSection(SolutionConfigurationPlatforms) = preSolution
		Debug|Any CPU = Debug|Any CPU
		Release|Any CPU = Release|Any CPU
	EndGlobalSection
	GlobalSection(ProjectConfigurationPlatforms) = postSolution
		{13F23020-B7E8-42CB-AE1F-22514FFE4769}.Debug|Any CPU.ActiveCfg = Debug|Any CPU
		{13F23020-B7E8-42CB-AE1F-22514FFE4769}.Debug|Any CPU.Build.0 = Debug|Any CPU
		{13F23020-B7E8-42CB-AE1F-22514FFE4769}.Release|Any CPU.ActiveCfg = Release|Any CPU
		{13F23020-B7E8-42CB-AE1F-22514FFE4769}.Release|Any CPU.Build.0 = Release|Any CPU
	EndGlobalSection
	GlobalSection(SolutionProperties) = preSolution
		HideSolutionNode = FALSE
	EndGlobalSection
	GlobalSection(ExtensibilityGlobals) = postSolution
		SolutionGuid = {4F657FD1-D9F0-49E7-B0F4-01A87E137A2C}
	EndGlobalSection
EndGlobal
