
Microsoft Visual Studio Solution File, Format Version 12.00
# Visual Studio Version 17
VisualStudioVersion = 17.0.31903.59
MinimumVisualStudioVersion = 10.0.40219.1
Project("{FAE04EC0-301F-11D3-BF4B-00C04F79EFBC}") = "DataTypes", "DataTypes\DataTypes.csproj", "{B2015CA1-50B1-4B6C-A662-3665DED43650}"
EndProject
Project("{FAE04EC0-301F-11D3-BF4B-00C04F79EFBC}") = "BasicOperations", "BasicOperations\BasicOperations.csproj", "{83047140-2CAB-4751-AACD-A780795B58BA}"
EndProject
Project("{FAE04EC0-301F-11D3-BF4B-00C04F79EFBC}") = "BasicOperator", "BasicOperator\BasicOperator.csproj", "{6D5EDC03-B989-48D0-8FEA-37A752E7B834}"
EndProject
Global
	GlobalSection(SolutionConfigurationPlatforms) = preSolution
		Debug|Any CPU = Debug|Any CPU
		Release|Any CPU = Release|Any CPU
	EndGlobalSection
	GlobalSection(SolutionProperties) = preSolution
		HideSolutionNode = FALSE
	EndGlobalSection
	GlobalSection(ProjectConfigurationPlatforms) = postSolution
		{B2015CA1-50B1-4B6C-A662-3665DED43650}.Debug|Any CPU.ActiveCfg = Debug|Any CPU
		{B2015CA1-50B1-4B6C-A662-3665DED43650}.Debug|Any CPU.Build.0 = Debug|Any CPU
		{B2015CA1-50B1-4B6C-A662-3665DED43650}.Release|Any CPU.ActiveCfg = Release|Any CPU
		{B2015CA1-50B1-4B6C-A662-3665DED43650}.Release|Any CPU.Build.0 = Release|Any CPU
		{83047140-2CAB-4751-AACD-A780795B58BA}.Debug|Any CPU.ActiveCfg = Debug|Any CPU
		{83047140-2CAB-4751-AACD-A780795B58BA}.Debug|Any CPU.Build.0 = Debug|Any CPU
		{83047140-2CAB-4751-AACD-A780795B58BA}.Release|Any CPU.ActiveCfg = Release|Any CPU
		{83047140-2CAB-4751-AACD-A780795B58BA}.Release|Any CPU.Build.0 = Release|Any CPU
		{6D5EDC03-B989-48D0-8FEA-37A752E7B834}.Debug|Any CPU.ActiveCfg = Debug|Any CPU
		{6D5EDC03-B989-48D0-8FEA-37A752E7B834}.Debug|Any CPU.Build.0 = Debug|Any CPU
		{6D5EDC03-B989-48D0-8FEA-37A752E7B834}.Release|Any CPU.ActiveCfg = Release|Any CPU
		{6D5EDC03-B989-48D0-8FEA-37A752E7B834}.Release|Any CPU.Build.0 = Release|Any CPU
	EndGlobalSection
EndGlobal
