
Microsoft Visual Studio Solution File, Format Version 12.00
# Visual Studio Version 17
VisualStudioVersion = 17.10.35122.118
MinimumVisualStudioVersion = 10.0.40219.1
Project("{FAE04EC0-301F-11D3-BF4B-00C04F79EFBC}") = "AbstractClasses", "AbstractClasses\AbstractClasses.csproj", "{1391F0A9-3D5D-4643-8B11-759645FD18BC}"
EndProject
Global
	GlobalSection(SolutionConfigurationPlatforms) = preSolution
		Debug|Any CPU = Debug|Any CPU
		Release|Any CPU = Release|Any CPU
	EndGlobalSection
	GlobalSection(ProjectConfigurationPlatforms) = postSolution
		{1391F0A9-3D5D-4643-8B11-759645FD18BC}.Debug|Any CPU.ActiveCfg = Debug|Any CPU
		{1391F0A9-3D5D-4643-8B11-759645FD18BC}.Debug|Any CPU.Build.0 = Debug|Any CPU
		{1391F0A9-3D5D-4643-8B11-759645FD18BC}.Release|Any CPU.ActiveCfg = Release|Any CPU
		{1391F0A9-3D5D-4643-8B11-759645FD18BC}.Release|Any CPU.Build.0 = Release|Any CPU
	EndGlobalSection
	GlobalSection(SolutionProperties) = preSolution
		HideSolutionNode = FALSE
	EndGlobalSection
	GlobalSection(ExtensibilityGlobals) = postSolution
		SolutionGuid = {FC8F1854-687F-4BD7-B12C-3F576165574E}
	EndGlobalSection
EndGlobal
